{
  "name": "fast-levenshtein",
  "version": "2.0.6",
  "lockfileVersion": 1,
  "requires": true,
  "dependencies": {
    "fastest-levenshtein": {
      "version": "1.0.7",
      "resolved": "https://registry.npmjs.org/fastest-levenshtein/-/fastest-levenshtein-1.0.7.tgz",
      "integrity": "sha512-A0UHMIY8uWcxbAf0kkFJqhwgDdYABMypMAINWYfyFs6LKKKCsjgEah0eu0tcGUfTKP+3SV9uCHI6OqhEPKhJjw=="
    }
  }
}
